{
  "name": "consoln",
  "version": "2.0.0",
  "lockfileVersion": 2,
  "requires": true,
  "packages": {
    "": {
      "version": "2.0.0",
      "license": "ISC",
      "dependencies": {
        "@consoln/logger": "file:../@consoln-logger"
      }
    },
    "../../jtm": {
      "version": "0.0.3-rc",
      "extraneous": true,
      "license": "ISC",
      "dependencies": {
        "jtm": "*"
      },
      "bin": {
        "jtm": "bin/index.js"
      }
    },
    "../@consoln-logger": {
      "version": "2.0.0",
      "license": "ISC",
      "dependencies": {
        "fs-extra": "^8.1.0"
      },
      "devDependencies": {}
    },
    "node_modules/@consoln/logger": {
      "resolved": "../@consoln-logger",
      "link": true
    }
  },
  "dependencies": {
    "@consoln/logger": {
      "version": "file:../@consoln-logger",
      "requires": {
        "fs-extra": "^8.1.0"
      }
    }
  }
}
